# THIS IS AN AUTOGENERATED FILE. DO NOT EDIT THIS FILE DIRECTLY.
# yarn lockfile v1


xterm-addon-fit@^0.4.0:
  version "0.4.0"
  resolved "https://registry.yarnpkg.com/xterm-addon-fit/-/xterm-addon-fit-0.4.0.tgz#06e0c5d0a6aaacfb009ef565efa1c81e93d90193"
  integrity sha512-p4BESuV/g2L6pZzFHpeNLLnep9mp/DkF3qrPglMiucSFtD8iJxtMufEoEJbN8LZwB4i+8PFpFvVuFrGOSpW05w==
